# THIS IS AN AUTOGENERATED FILE. DO NOT EDIT THIS FILE DIRECTLY.
# yarn lockfile v1


react-card-flip@^1.0.11:
  version "1.0.11"
  resolved "https://registry.yarnpkg.com/react-card-flip/-/react-card-flip-1.0.11.tgz#4d1d11637d0d6de8668c8c47550bb522bc8f6049"
  integrity sha512-JwPJM4L7Fz3g+DN3N4XYfmZkWUPuc/00T6h8UUsAcXaWgGDNOVUd4vBm724I+a4ZlkNwRbCzHS7gbZEzysF/SA==
